<?xml version="1.0" encoding="utf-8"?>
<Project ToolsVersion="4.0" xmlns="http://schemas.microsoft.com/developer/msbuild/2003">
  <ItemGroup>
    <ClCompile Include="pch.cpp" />
    <ClCompile Include="Main.cpp" />
    <ClCompile Include="Player.cpp">
      <Filter>Player</Filter>
    </ClCompile>
    <ClCompile Include="MainScene.cpp">
      <Filter>Scene</Filter>
    </ClCompile>
    <ClCompile Include="Monster.cpp">
      <Filter>Monster</Filter>
    </ClCompile>
    <ClCompile Include="MonsterLongBow.cpp">
      <Filter>Monster</Filter>
    </ClCompile>
    <ClCompile Include="MonsterSword.cpp">
      <Filter>Monster</Filter>
    </ClCompile>
    <ClCompile Include="BattleManager.cpp">
      <Filter>Manager</Filter>
    </ClCompile>
    <ClCompile Include="Arrow.cpp">
      <Filter>Object</Filter>
    </ClCompile>
  </ItemGroup>
  <ItemGroup>
    <ClInclude Include="pch.h" />
    <ClInclude Include="Main.h" />
    <ClInclude Include="Player.h">
      <Filter>Player</Filter>
    </ClInclude>
    <ClInclude Include="MainScene.h">
      <Filter>Scene</Filter>
    </ClInclude>
    <ClInclude Include="Monster.h">
      <Filter>Monster</Filter>
    </ClInclude>
    <ClInclude Include="MonsterLongBow.h">
      <Filter>Monster</Filter>
    </ClInclude>
    <ClInclude Include="MonsterSword.h">
      <Filter>Monster</Filter>
    </ClInclude>
    <ClInclude Include="BattleManager.h">
      <Filter>Manager</Filter>
    </ClInclude>
    <ClInclude Include="Arrow.h">
      <Filter>Object</Filter>
    </ClInclude>
  </ItemGroup>
  <ItemGroup>
    <Filter Include="Player">
      <UniqueIdentifier>{e58c9182-6b47-418b-aca7-49633a1f7f7c}</UniqueIdentifier>
    </Filter>
    <Filter Include="Monster">
      <UniqueIdentifier>{49b2bb71-998c-45ae-90b6-97f707dccdae}</UniqueIdentifier>
    </Filter>
    <Filter Include="Scene">
      <UniqueIdentifier>{42184b87-9b43-4e27-9fd6-ffeb0abf4c01}</UniqueIdentifier>
    </Filter>
    <Filter Include="Manager">
      <UniqueIdentifier>{917dff48-f297-4750-b3af-f6099396d738}</UniqueIdentifier>
    </Filter>
    <Filter Include="Object">
      <UniqueIdentifier>{eb13e742-c70d-446f-be56-024d73614588}</UniqueIdentifier>
    </Filter>
  </ItemGroup>
</Project>