<?xml version="1.0" encoding="utf-8"?>
<Project ToolsVersion="4.0" xmlns="http://schemas.microsoft.com/developer/msbuild/2003">
  <ItemGroup>
    <ClCompile Include="stdafx.cpp" />
    <ClCompile Include="Main.cpp" />
    <ClCompile Include="WorldDemo.cpp">
      <Filter>Vertex</Filter>
    </ClCompile>
    <ClCompile Include="VertexDemo.cpp">
      <Filter>Vertex</Filter>
    </ClCompile>
    <ClCompile Include="RectDemo.cpp">
      <Filter>Vertex</Filter>
    </ClCompile>
    <ClCompile Include="IndexDemo.cpp">
      <Filter>Vertex</Filter>
    </ClCompile>
    <ClCompile Include="GridDemo.cpp">
      <Filter>Vertex</Filter>
    </ClCompile>
    <ClCompile Include="TerrainDemo.cpp">
      <Filter>Environment</Filter>
    </ClCompile>
    <ClCompile Include="MeshDemo.cpp">
      <Filter>Mesh</Filter>
    </ClCompile>
    <ClCompile Include="TextureDemo.cpp">
      <Filter>Vertex</Filter>
    </ClCompile>
    <ClCompile Include="GetHeightDemo.cpp">
      <Filter>Environment</Filter>
    </ClCompile>
    <ClCompile Include="VerticalPickDemo.cpp">
      <Filter>Environment</Filter>
    </ClCompile>
    <ClCompile Include="ProjectionDemo.cpp">
      <Filter>Environment</Filter>
    </ClCompile>
    <ClCompile Include="RaycastDemo.cpp">
      <Filter>Environment</Filter>
    </ClCompile>
    <ClCompile Include="FrameworkDemo.cpp">
      <Filter>Mesh</Filter>
    </ClCompile>
    <ClCompile Include="CubeSkyDemo.cpp">
      <Filter>Environment</Filter>
    </ClCompile>
    <ClCompile Include="TerrainBrushDemo.cpp">
      <Filter>Environment</Filter>
    </ClCompile>
    <ClCompile Include="TerrainLineDemo.cpp">
      <Filter>Environment</Filter>
    </ClCompile>
    <ClCompile Include="TerrainSplattingDemo.cpp">
      <Filter>Environment</Filter>
    </ClCompile>
    <ClCompile Include="ColliderDemo.cpp">
      <Filter>Objects</Filter>
    </ClCompile>
    <ClCompile Include="CPUBillBoardDemo.cpp">
      <Filter>Environment</Filter>
    </ClCompile>
    <ClCompile Include="WeatherDemo.cpp">
      <Filter>Environment</Filter>
    </ClCompile>
    <ClCompile Include="GeometryBillBoardDemo.cpp">
      <Filter>Environment</Filter>
    </ClCompile>
    <ClCompile Include="InstancingDemo.cpp">
      <Filter>Instancing</Filter>
    </ClCompile>
    <ClCompile Include="InstanceFrameworkDemo.cpp">
      <Filter>Mesh</Filter>
    </ClCompile>
    <ClCompile Include="ThreadDemo.cpp">
      <Filter>Threading</Filter>
    </ClCompile>
    <ClCompile Include="ByteAddressDemo.cpp">
      <Filter>Threading</Filter>
    </ClCompile>
    <ClCompile Include="InstanceColliderDemo.cpp">
      <Filter>Instancing</Filter>
    </ClCompile>
    <ClCompile Include="SpecularDemo.cpp">
      <Filter>Lighting</Filter>
    </ClCompile>
    <ClCompile Include="NormalMapDemo.cpp">
      <Filter>Lighting</Filter>
    </ClCompile>
    <ClCompile Include="LightingDemo.cpp">
      <Filter>Lighting</Filter>
    </ClCompile>
  </ItemGroup>
  <ItemGroup>
    <ClInclude Include="stdafx.h" />
    <ClInclude Include="Main.h" />
    <ClInclude Include="WorldDemo.h">
      <Filter>Vertex</Filter>
    </ClInclude>
    <ClInclude Include="VertexDemo.h">
      <Filter>Vertex</Filter>
    </ClInclude>
    <ClInclude Include="RectDemo.h">
      <Filter>Vertex</Filter>
    </ClInclude>
    <ClInclude Include="IndexDemo.h">
      <Filter>Vertex</Filter>
    </ClInclude>
    <ClInclude Include="GridDemo.h">
      <Filter>Vertex</Filter>
    </ClInclude>
    <ClInclude Include="TerrainDemo.h">
      <Filter>Environment</Filter>
    </ClInclude>
    <ClInclude Include="MeshDemo.h">
      <Filter>Mesh</Filter>
    </ClInclude>
    <ClInclude Include="TextureDemo.h">
      <Filter>Vertex</Filter>
    </ClInclude>
    <ClInclude Include="GetHeightDemo.h">
      <Filter>Environment</Filter>
    </ClInclude>
    <ClInclude Include="VerticalPickDemo.h">
      <Filter>Environment</Filter>
    </ClInclude>
    <ClInclude Include="ProjectionDemo.h">
      <Filter>Environment</Filter>
    </ClInclude>
    <ClInclude Include="RaycastDemo.h">
      <Filter>Environment</Filter>
    </ClInclude>
    <ClInclude Include="FrameworkDemo.h">
      <Filter>Mesh</Filter>
    </ClInclude>
    <ClInclude Include="CubeSkyDemo.h">
      <Filter>Environment</Filter>
    </ClInclude>
    <ClInclude Include="TerrainBrushDemo.h">
      <Filter>Environment</Filter>
    </ClInclude>
    <ClInclude Include="TerrainLineDemo.h">
      <Filter>Environment</Filter>
    </ClInclude>
    <ClInclude Include="TerrainSplattingDemo.h">
      <Filter>Environment</Filter>
    </ClInclude>
    <ClInclude Include="ColliderDemo.h">
      <Filter>Objects</Filter>
    </ClInclude>
    <ClInclude Include="CPUBillBoardDemo.h">
      <Filter>Environment</Filter>
    </ClInclude>
    <ClInclude Include="WeatherDemo.h">
      <Filter>Environment</Filter>
    </ClInclude>
    <ClInclude Include="GeometryBillBoardDemo.h">
      <Filter>Environment</Filter>
    </ClInclude>
    <ClInclude Include="InstancingDemo.h">
      <Filter>Instancing</Filter>
    </ClInclude>
    <ClInclude Include="InstanceFrameworkDemo.h">
      <Filter>Mesh</Filter>
    </ClInclude>
    <ClInclude Include="ThreadDemo.h">
      <Filter>Threading</Filter>
    </ClInclude>
    <ClInclude Include="ByteAddressDemo.h">
      <Filter>Threading</Filter>
    </ClInclude>
    <ClInclude Include="InstanceColliderDemo.h">
      <Filter>Instancing</Filter>
    </ClInclude>
    <ClInclude Include="SpecularDemo.h">
      <Filter>Lighting</Filter>
    </ClInclude>
    <ClInclude Include="NormalMapDemo.h">
      <Filter>Lighting</Filter>
    </ClInclude>
    <ClInclude Include="LightingDemo.h">
      <Filter>Lighting</Filter>
    </ClInclude>
  </ItemGroup>
  <ItemGroup>
    <Filter Include="Vertex">
      <UniqueIdentifier>{f07efeaf-f702-4efc-ab4d-38c0e990244f}</UniqueIdentifier>
    </Filter>
    <Filter Include="Mesh">
      <UniqueIdentifier>{1a49dba4-25c7-4cc2-b9e0-26b3cde7974f}</UniqueIdentifier>
    </Filter>
    <Filter Include="Environment">
      <UniqueIdentifier>{eef32c5c-62f0-4888-8c9a-d163b9c2c437}</UniqueIdentifier>
    </Filter>
    <Filter Include="Objects">
      <UniqueIdentifier>{ceb06788-4df6-4a5c-bce0-2c0a5f3d0956}</UniqueIdentifier>
    </Filter>
    <Filter Include="Instancing">
      <UniqueIdentifier>{d56b207d-7d1d-403f-bcc0-956eeede78d4}</UniqueIdentifier>
    </Filter>
    <Filter Include="Threading">
      <UniqueIdentifier>{5fe6ea4f-1ec8-43cf-8c42-a36459ce0e7b}</UniqueIdentifier>
    </Filter>
    <Filter Include="Lighting">
      <UniqueIdentifier>{29198a5c-7e24-4c81-b026-f6d85c7f9cf1}</UniqueIdentifier>
    </Filter>
  </ItemGroup>
</Project>